
Microsoft Visual Studio Solution File, Format Version 12.00
# Visual Studio Version 17
VisualStudioVersion = 17.0.32112.339
MinimumVisualStudioVersion = 10.0.40219.1
Project("{FAE04EC0-301F-11D3-BF4B-00C04F79EFBC}") = "QR_Code_Generator", "QR_Code_Generator\QR_Code_Generator.csproj", "{4E980AA4-8C0A-41B7-892A-6A85387EA5E6}"
EndProject
Global
	GlobalSection(SolutionConfigurationPlatforms) = preSolution
		Debug|Any CPU = Debug|Any CPU
		Release|Any CPU = Release|Any CPU
	EndGlobalSection
	GlobalSection(ProjectConfigurationPlatforms) = postSolution
		{4E980AA4-8C0A-41B7-892A-6A85387EA5E6}.Debug|Any CPU.ActiveCfg = Debug|Any CPU
		{4E980AA4-8C0A-41B7-892A-6A85387EA5E6}.Debug|Any CPU.Build.0 = Debug|Any CPU
		{4E980AA4-8C0A-41B7-892A-6A85387EA5E6}.Release|Any CPU.ActiveCfg = Release|Any CPU
		{4E980AA4-8C0A-41B7-892A-6A85387EA5E6}.Release|Any CPU.Build.0 = Release|Any CPU
	EndGlobalSection
	GlobalSection(SolutionProperties) = preSolution
		HideSolutionNode = FALSE
	EndGlobalSection
	GlobalSection(ExtensibilityGlobals) = postSolution
		SolutionGuid = {B09A8267-2734-4F35-A508-0CC71934C0FB}
	EndGlobalSection
EndGlobal
